// !$*UTF8*$!
{
	archiveVersion = 1;
	classes = {
	};
	objectVersion = 55;
	objects = {

/* Begin PBXBuildFile section */
		84B51D382858C8A700EEA41C /* HomePresenter.swift in Sources */ = {isa = PBXBuildFile; fileRef = 84B51D372858C8A700EEA41C /* HomePresenter.swift */; };
		84B51D3E2858DAF000EEA41C /* AddCollectionViewCell.swift in Sources */ = {isa = PBXBuildFile; fileRef = 84B51D3C2858DAF000EEA41C /* AddCollectionViewCell.swift */; };
		84B51D3F2858DAF000EEA41C /* AddCollectionViewCell.xib in Resources */ = {isa = PBXBuildFile; fileRef = 84B51D3D2858DAF000EEA41C /* AddCollectionViewCell.xib */; };
		84B51D422858DB0500EEA41C /* PersonCollectionViewCell.swift in Sources */ = {isa = PBXBuildFile; fileRef = 84B51D402858DB0500EEA41C /* PersonCollectionViewCell.swift */; };
		84B51D432858DB0500EEA41C /* PersonCollectionViewCell.xib in Resources */ = {isa = PBXBuildFile; fileRef = 84B51D412858DB0500EEA41C /* PersonCollectionViewCell.xib */; };
		84B51D4A285B339500EEA41C /* ContainerViewController.swift in Sources */ = {isa = PBXBuildFile; fileRef = 84B51D49285B339500EEA41C /* ContainerViewController.swift */; };
		84BE4EAC285B691500524E7C /* UIViewController+Extension.swift in Sources */ = {isa = PBXBuildFile; fileRef = 84BE4EAB285B691500524E7C /* UIViewController+Extension.swift */; };
		84C68FA22857990400374D09 /* AppDelegate.swift in Sources */ = {isa = PBXBuildFile; fileRef = 84C68FA12857990400374D09 /* AppDelegate.swift */; };
		84C68FA42857990400374D09 /* SceneDelegate.swift in Sources */ = {isa = PBXBuildFile; fileRef = 84C68FA32857990400374D09 /* SceneDelegate.swift */; };
		84C68FA62857990400374D09 /* LoginViewController.swift in Sources */ = {isa = PBXBuildFile; fileRef = 84C68FA52857990400374D09 /* LoginViewController.swift */; };
		84C68FA92857990400374D09 /* Main.storyboard in Resources */ = {isa = PBXBuildFile; fileRef = 84C68FA72857990400374D09 /* Main.storyboard */; };
		84C68FAB2857990800374D09 /* Assets.xcassets in Resources */ = {isa = PBXBuildFile; fileRef = 84C68FAA2857990800374D09 /* Assets.xcassets */; };
		84C68FAE2857990800374D09 /* LaunchScreen.storyboard in Resources */ = {isa = PBXBuildFile; fileRef = 84C68FAC2857990800374D09 /* LaunchScreen.storyboard */; };
		84C68FC228589BD300374D09 /* LoginPresenter.swift in Sources */ = {isa = PBXBuildFile; fileRef = 84C68FC128589BD300374D09 /* LoginPresenter.swift */; };
		84C68FC42858B64100374D09 /* HomeViewController.swift in Sources */ = {isa = PBXBuildFile; fileRef = 84C68FC32858B64100374D09 /* HomeViewController.swift */; };
		84C68FC62858C02300374D09 /* MenuViewController.swift in Sources */ = {isa = PBXBuildFile; fileRef = 84C68FC52858C02300374D09 /* MenuViewController.swift */; };
/* End PBXBuildFile section */

/* Begin PBXFileReference section */
		84B51D372858C8A700EEA41C /* HomePresenter.swift */ = {isa = PBXFileReference; lastKnownFileType = sourcecode.swift; path = HomePresenter.swift; sourceTree = "<group>"; };
		84B51D3C2858DAF000EEA41C /* AddCollectionViewCell.swift */ = {isa = PBXFileReference; lastKnownFileType = sourcecode.swift; path = AddCollectionViewCell.swift; sourceTree = "<group>"; };
		84B51D3D2858DAF000EEA41C /* AddCollectionViewCell.xib */ = {isa = PBXFileReference; lastKnownFileType = file.xib; path = AddCollectionViewCell.xib; sourceTree = "<group>"; };
		84B51D402858DB0500EEA41C /* PersonCollectionViewCell.swift */ = {isa = PBXFileReference; lastKnownFileType = sourcecode.swift; path = PersonCollectionViewCell.swift; sourceTree = "<group>"; };
		84B51D412858DB0500EEA41C /* PersonCollectionViewCell.xib */ = {isa = PBXFileReference; lastKnownFileType = file.xib; path = PersonCollectionViewCell.xib; sourceTree = "<group>"; };
		84B51D49285B339500EEA41C /* ContainerViewController.swift */ = {isa = PBXFileReference; lastKnownFileType = sourcecode.swift; path = ContainerViewController.swift; sourceTree = "<group>"; };
		84BE4EAB285B691500524E7C /* UIViewController+Extension.swift */ = {isa = PBXFileReference; lastKnownFileType = sourcecode.swift; path = "UIViewController+Extension.swift"; sourceTree = "<group>"; };
		84C68F9E2857990400374D09 /* walletTest.app */ = {isa = PBXFileReference; explicitFileType = wrapper.application; includeInIndex = 0; path = walletTest.app; sourceTree = BUILT_PRODUCTS_DIR; };
		84C68FA12857990400374D09 /* AppDelegate.swift */ = {isa = PBXFileReference; lastKnownFileType = sourcecode.swift; path = AppDelegate.swift; sourceTree = "<group>"; };
		84C68FA32857990400374D09 /* SceneDelegate.swift */ = {isa = PBXFileReference; lastKnownFileType = sourcecode.swift; path = SceneDelegate.swift; sourceTree = "<group>"; };
		84C68FA52857990400374D09 /* LoginViewController.swift */ = {isa = PBXFileReference; lastKnownFileType = sourcecode.swift; path = LoginViewController.swift; sourceTree = "<group>"; };
		84C68FA82857990400374D09 /* Base */ = {isa = PBXFileReference; lastKnownFileType = file.storyboard; name = Base; path = Base.lproj/Main.storyboard; sourceTree = "<group>"; };
		84C68FAA2857990800374D09 /* Assets.xcassets */ = {isa = PBXFileReference; lastKnownFileType = folder.assetcatalog; path = Assets.xcassets; sourceTree = "<group>"; };
		84C68FAD2857990800374D09 /* Base */ = {isa = PBXFileReference; lastKnownFileType = file.storyboard; name = Base; path = Base.lproj/LaunchScreen.storyboard; sourceTree = "<group>"; };
		84C68FAF2857990800374D09 /* Info.plist */ = {isa = PBXFileReference; lastKnownFileType = text.plist.xml; path = Info.plist; sourceTree = "<group>"; };
		84C68FC128589BD300374D09 /* LoginPresenter.swift */ = {isa = PBXFileReference; lastKnownFileType = sourcecode.swift; path = LoginPresenter.swift; sourceTree = "<group>"; };
		84C68FC32858B64100374D09 /* HomeViewController.swift */ = {isa = PBXFileReference; lastKnownFileType = sourcecode.swift; path = HomeViewController.swift; sourceTree = "<group>"; };
		84C68FC52858C02300374D09 /* MenuViewController.swift */ = {isa = PBXFileReference; lastKnownFileType = sourcecode.swift; path = MenuViewController.swift; sourceTree = "<group>"; };
/* End PBXFileReference section */

/* Begin PBXFrameworksBuildPhase section */
		84C68F9B2857990400374D09 /* Frameworks */ = {
			isa = PBXFrameworksBuildPhase;
			buildActionMask = 2147483647;
			files = (
			);
			runOnlyForDeploymentPostprocessing = 0;
		};
/* End PBXFrameworksBuildPhase section */

/* Begin PBXGroup section */
		84B51D392858C8D400EEA41C /* CollectionViewCell */ = {
			isa = PBXGroup;
			children = (
				84B51D3C2858DAF000EEA41C /* AddCollectionViewCell.swift */,
				84B51D3D2858DAF000EEA41C /* AddCollectionViewCell.xib */,
				84B51D402858DB0500EEA41C /* PersonCollectionViewCell.swift */,
				84B51D412858DB0500EEA41C /* PersonCollectionViewCell.xib */,
			);
			path = CollectionViewCell;
			sourceTree = "<group>";
		};
		84B51D46285A422F00EEA41C /* Services */ = {
			isa = PBXGroup;
			children = (
			);
			name = Services;
			sourceTree = "<group>";
		};
		84B51D4B285B594700EEA41C /* SideMenu */ = {
			isa = PBXGroup;
			children = (
				84B51D49285B339500EEA41C /* ContainerViewController.swift */,
			);
			path = SideMenu;
			sourceTree = "<group>";
		};
		84BE4EAA285B687600524E7C /* Extensions */ = {
			isa = PBXGroup;
			children = (
				84BE4EAB285B691500524E7C /* UIViewController+Extension.swift */,
			);
			path = Extensions;
			sourceTree = "<group>";
		};
		84C68F952857990400374D09 = {
			isa = PBXGroup;
			children = (
				84C68FA02857990400374D09 /* walletTest */,
				84C68F9F2857990400374D09 /* Products */,
			);
			sourceTree = "<group>";
		};
		84C68F9F2857990400374D09 /* Products */ = {
			isa = PBXGroup;
			children = (
				84C68F9E2857990400374D09 /* walletTest.app */,
			);
			name = Products;
			sourceTree = "<group>";
		};
		84C68FA02857990400374D09 /* walletTest */ = {
			isa = PBXGroup;
			children = (
				84C68FA12857990400374D09 /* AppDelegate.swift */,
				84C68FA32857990400374D09 /* SceneDelegate.swift */,
				84BE4EAA285B687600524E7C /* Extensions */,
				84B51D46285A422F00EEA41C /* Services */,
				84B51D4B285B594700EEA41C /* SideMenu */,
				84C68FB628589A1500374D09 /* LoginView */,
				84C68FB5285899E500374D09 /* HomeView */,
				84C68FB728589A4600374D09 /* MenuView */,
				84C68FA72857990400374D09 /* Main.storyboard */,
				84C68FAA2857990800374D09 /* Assets.xcassets */,
				84C68FAC2857990800374D09 /* LaunchScreen.storyboard */,
				84C68FAF2857990800374D09 /* Info.plist */,
			);
			path = walletTest;
			sourceTree = "<group>";
		};
		84C68FB5285899E500374D09 /* HomeView */ = {
			isa = PBXGroup;
			children = (
				84C68FBB28589AE300374D09 /* Model */,
				84C68FBD28589AFA00374D09 /* View */,
				84C68FBC28589AEC00374D09 /* Presenter */,
			);
			path = HomeView;
			sourceTree = "<group>";
		};
		84C68FB628589A1500374D09 /* LoginView */ = {
			isa = PBXGroup;
			children = (
				84C68FBA28589AD200374D09 /* Model */,
				84C68FB828589AC000374D09 /* View */,
				84C68FB928589AC900374D09 /* Presenter */,
			);
			path = LoginView;
			sourceTree = "<group>";
		};
		84C68FB728589A4600374D09 /* MenuView */ = {
			isa = PBXGroup;
			children = (
				84C68FC028589B1900374D09 /* Model */,
				84C68FBE28589B0900374D09 /* View */,
				84C68FBF28589B1100374D09 /* Presenter */,
			);
			path = MenuView;
			sourceTree = "<group>";
		};
		84C68FB828589AC000374D09 /* View */ = {
			isa = PBXGroup;
			children = (
				84C68FA52857990400374D09 /* LoginViewController.swift */,
			);
			path = View;
			sourceTree = "<group>";
		};
		84C68FB928589AC900374D09 /* Presenter */ = {
			isa = PBXGroup;
			children = (
				84C68FC128589BD300374D09 /* LoginPresenter.swift */,
			);
			path = Presenter;
			sourceTree = "<group>";
		};
		84C68FBA28589AD200374D09 /* Model */ = {
			isa = PBXGroup;
			children = (
			);
			path = Model;
			sourceTree = "<group>";
		};
		84C68FBB28589AE300374D09 /* Model */ = {
			isa = PBXGroup;
			children = (
			);
			path = Model;
			sourceTree = "<group>";
		};
		84C68FBC28589AEC00374D09 /* Presenter */ = {
			isa = PBXGroup;
			children = (
				84B51D372858C8A700EEA41C /* HomePresenter.swift */,
			);
			path = Presenter;
			sourceTree = "<group>";
		};
		84C68FBD28589AFA00374D09 /* View */ = {
			isa = PBXGroup;
			children = (
				84C68FC32858B64100374D09 /* HomeViewController.swift */,
				84B51D392858C8D400EEA41C /* CollectionViewCell */,
			);
			path = View;
			sourceTree = "<group>";
		};
		84C68FBE28589B0900374D09 /* View */ = {
			isa = PBXGroup;
			children = (
				84C68FC52858C02300374D09 /* MenuViewController.swift */,
			);
			path = View;
			sourceTree = "<group>";
		};
		84C68FBF28589B1100374D09 /* Presenter */ = {
			isa = PBXGroup;
			children = (
			);
			path = Presenter;
			sourceTree = "<group>";
		};
		84C68FC028589B1900374D09 /* Model */ = {
			isa = PBXGroup;
			children = (
			);
			path = Model;
			sourceTree = "<group>";
		};
/* End PBXGroup section */

/* Begin PBXNativeTarget section */
		84C68F9D2857990400374D09 /* walletTest */ = {
			isa = PBXNativeTarget;
			buildConfigurationList = 84C68FB22857990800374D09 /* Build configuration list for PBXNativeTarget "walletTest" */;
			buildPhases = (
				84C68F9A2857990400374D09 /* Sources */,
				84C68F9B2857990400374D09 /* Frameworks */,
				84C68F9C2857990400374D09 /* Resources */,
			);
			buildRules = (
			);
			dependencies = (
			);
			name = walletTest;
			productName = walletTest;
			productReference = 84C68F9E2857990400374D09 /* walletTest.app */;
			productType = "com.apple.product-type.application";
		};
/* End PBXNativeTarget section */

/* Begin PBXProject section */
		84C68F962857990400374D09 /* Project object */ = {
			isa = PBXProject;
			attributes = {
				BuildIndependentTargetsInParallel = 1;
				LastSwiftUpdateCheck = 1340;
				LastUpgradeCheck = 1340;
				TargetAttributes = {
					84C68F9D2857990400374D09 = {
						CreatedOnToolsVersion = 13.4;
					};
				};
			};
			buildConfigurationList = 84C68F992857990400374D09 /* Build configuration list for PBXProject "walletTest" */;
			compatibilityVersion = "Xcode 13.0";
			developmentRegion = en;
			hasScannedForEncodings = 0;
			knownRegions = (
				en,
				Base,
			);
			mainGroup = 84C68F952857990400374D09;
			productRefGroup = 84C68F9F2857990400374D09 /* Products */;
			projectDirPath = "";
			projectRoot = "";
			targets = (
				84C68F9D2857990400374D09 /* walletTest */,
			);
		};
/* End PBXProject section */

/* Begin PBXResourcesBuildPhase section */
		84C68F9C2857990400374D09 /* Resources */ = {
			isa = PBXResourcesBuildPhase;
			buildActionMask = 2147483647;
			files = (
				84C68FAE2857990800374D09 /* LaunchScreen.storyboard in Resources */,
				84C68FAB2857990800374D09 /* Assets.xcassets in Resources */,
				84B51D432858DB0500EEA41C /* PersonCollectionViewCell.xib in Resources */,
				84B51D3F2858DAF000EEA41C /* AddCollectionViewCell.xib in Resources */,
				84C68FA92857990400374D09 /* Main.storyboard in Resources */,
			);
			runOnlyForDeploymentPostprocessing = 0;
		};
/* End PBXResourcesBuildPhase section */

/* Begin PBXSourcesBuildPhase section */
		84C68F9A2857990400374D09 /* Sources */ = {
			isa = PBXSourcesBuildPhase;
			buildActionMask = 2147483647;
			files = (
				84B51D382858C8A700EEA41C /* HomePresenter.swift in Sources */,
				84BE4EAC285B691500524E7C /* UIViewController+Extension.swift in Sources */,
				84C68FC42858B64100374D09 /* HomeViewController.swift in Sources */,
				84C68FC62858C02300374D09 /* MenuViewController.swift in Sources */,
				84C68FC228589BD300374D09 /* LoginPresenter.swift in Sources */,
				84B51D422858DB0500EEA41C /* PersonCollectionViewCell.swift in Sources */,
				84C68FA62857990400374D09 /* LoginViewController.swift in Sources */,
				84C68FA22857990400374D09 /* AppDelegate.swift in Sources */,
				84B51D3E2858DAF000EEA41C /* AddCollectionViewCell.swift in Sources */,
				84B51D4A285B339500EEA41C /* ContainerViewController.swift in Sources */,
				84C68FA42857990400374D09 /* SceneDelegate.swift in Sources */,
			);
			runOnlyForDeploymentPostprocessing = 0;
		};
/* End PBXSourcesBuildPhase section */

/* Begin PBXVariantGroup section */
		84C68FA72857990400374D09 /* Main.storyboard */ = {
			isa = PBXVariantGroup;
			children = (
				84C68FA82857990400374D09 /* Base */,
			);
			name = Main.storyboard;
			sourceTree = "<group>";
		};
		84C68FAC2857990800374D09 /* LaunchScreen.storyboard */ = {
			isa = PBXVariantGroup;
			children = (
				84C68FAD2857990800374D09 /* Base */,
			);
			name = LaunchScreen.storyboard;
			sourceTree = "<group>";
		};
/* End PBXVariantGroup section */

/* Begin XCBuildConfiguration section */
		84C68FB02857990800374D09 /* Debug */ = {
			isa = XCBuildConfiguration;
			buildSettings = {
				ALWAYS_SEARCH_USER_PATHS = NO;
				CLANG_ANALYZER_NONNULL = YES;
				CLANG_ANALYZER_NUMBER_OBJECT_CONVERSION = YES_AGGRESSIVE;
				CLANG_CXX_LANGUAGE_STANDARD = "gnu++17";
				CLANG_ENABLE_MODULES = YES;
				CLANG_ENABLE_OBJC_ARC = YES;
				CLANG_ENABLE_OBJC_WEAK = YES;
				CLANG_WARN_BLOCK_CAPTURE_AUTORELEASING = YES;
				CLANG_WARN_BOOL_CONVERSION = YES;
				CLANG_WARN_COMMA = YES;
				CLANG_WARN_CONSTANT_CONVERSION = YES;
				CLANG_WARN_DEPRECATED_OBJC_IMPLEMENTATIONS = YES;
				CLANG_WARN_DIRECT_OBJC_ISA_USAGE = YES_ERROR;
				CLANG_WARN_DOCUMENTATION_COMMENTS = YES;
				CLANG_WARN_EMPTY_BODY = YES;
				CLANG_WARN_ENUM_CONVERSION = YES;
				CLANG_WARN_INFINITE_RECURSION = YES;
				CLANG_WARN_INT_CONVERSION = YES;
				CLANG_WARN_NON_LITERAL_NULL_CONVERSION = YES;
				CLANG_WARN_OBJC_IMPLICIT_RETAIN_SELF = YES;
				CLANG_WARN_OBJC_LITERAL_CONVERSION = YES;
				CLANG_WARN_OBJC_ROOT_CLASS = YES_ERROR;
				CLANG_WARN_QUOTED_INCLUDE_IN_FRAMEWORK_HEADER = YES;
				CLANG_WARN_RANGE_LOOP_ANALYSIS = YES;
				CLANG_WARN_STRICT_PROTOTYPES = YES;
				CLANG_WARN_SUSPICIOUS_MOVE = YES;
				CLANG_WARN_UNGUARDED_AVAILABILITY = YES_AGGRESSIVE;
				CLANG_WARN_UNREACHABLE_CODE = YES;
				CLANG_WARN__DUPLICATE_METHOD_MATCH = YES;
				COPY_PHASE_STRIP = NO;
				DEBUG_INFORMATION_FORMAT = dwarf;
				ENABLE_STRICT_OBJC_MSGSEND = YES;
				ENABLE_TESTABILITY = YES;
				GCC_C_LANGUAGE_STANDARD = gnu11;
				GCC_DYNAMIC_NO_PIC = NO;
				GCC_NO_COMMON_BLOCKS = YES;
				GCC_OPTIMIZATION_LEVEL = 0;
				GCC_PREPROCESSOR_DEFINITIONS = (
					"DEBUG=1",
					"$(inherited)",
				);
				GCC_WARN_64_TO_32_BIT_CONVERSION = YES;
				GCC_WARN_ABOUT_RETURN_TYPE = YES_ERROR;
				GCC_WARN_UNDECLARED_SELECTOR = YES;
				GCC_WARN_UNINITIALIZED_AUTOS = YES_AGGRESSIVE;
				GCC_WARN_UNUSED_FUNCTION = YES;
				GCC_WARN_UNUSED_VARIABLE = YES;
				IPHONEOS_DEPLOYMENT_TARGET = 15.5;
				MTL_ENABLE_DEBUG_INFO = INCLUDE_SOURCE;
				MTL_FAST_MATH = YES;
				ONLY_ACTIVE_ARCH = YES;
				SDKROOT = iphoneos;
				SWIFT_ACTIVE_COMPILATION_CONDITIONS = DEBUG;
				SWIFT_OPTIMIZATION_LEVEL = "-Onone";
			};
			name = Debug;
		};
		84C68FB12857990800374D09 /* Release */ = {
			isa = XCBuildConfiguration;
			buildSettings = {
				ALWAYS_SEARCH_USER_PATHS = NO;
				CLANG_ANALYZER_NONNULL = YES;
				CLANG_ANALYZER_NUMBER_OBJECT_CONVERSION = YES_AGGRESSIVE;
				CLANG_CXX_LANGUAGE_STANDARD = "gnu++17";
				CLANG_ENABLE_MODULES = YES;
				CLANG_ENABLE_OBJC_ARC = YES;
				CLANG_ENABLE_OBJC_WEAK = YES;
				CLANG_WARN_BLOCK_CAPTURE_AUTORELEASING = YES;
				CLANG_WARN_BOOL_CONVERSION = YES;
				CLANG_WARN_COMMA = YES;
				CLANG_WARN_CONSTANT_CONVERSION = YES;
				CLANG_WARN_DEPRECATED_OBJC_IMPLEMENTATIONS = YES;
				CLANG_WARN_DIRECT_OBJC_ISA_USAGE = YES_ERROR;
				CLANG_WARN_DOCUMENTATION_COMMENTS = YES;
				CLANG_WARN_EMPTY_BODY = YES;
				CLANG_WARN_ENUM_CONVERSION = YES;
				CLANG_WARN_INFINITE_RECURSION = YES;
				CLANG_WARN_INT_CONVERSION = YES;
				CLANG_WARN_NON_LITERAL_NULL_CONVERSION = YES;
				CLANG_WARN_OBJC_IMPLICIT_RETAIN_SELF = YES;
				CLANG_WARN_OBJC_LITERAL_CONVERSION = YES;
				CLANG_WARN_OBJC_ROOT_CLASS = YES_ERROR;
				CLANG_WARN_QUOTED_INCLUDE_IN_FRAMEWORK_HEADER = YES;
				CLANG_WARN_RANGE_LOOP_ANALYSIS = YES;
				CLANG_WARN_STRICT_PROTOTYPES = YES;
				CLANG_WARN_SUSPICIOUS_MOVE = YES;
				CLANG_WARN_UNGUARDED_AVAILABILITY = YES_AGGRESSIVE;
				CLANG_WARN_UNREACHABLE_CODE = YES;
				CLANG_WARN__DUPLICATE_METHOD_MATCH = YES;
				COPY_PHASE_STRIP = NO;
				DEBUG_INFORMATION_FORMAT = "dwarf-with-dsym";
				ENABLE_NS_ASSERTIONS = NO;
				ENABLE_STRICT_OBJC_MSGSEND = YES;
				GCC_C_LANGUAGE_STANDARD = gnu11;
				GCC_NO_COMMON_BLOCKS = YES;
				GCC_WARN_64_TO_32_BIT_CONVERSION = YES;
				GCC_WARN_ABOUT_RETURN_TYPE = YES_ERROR;
				GCC_WARN_UNDECLARED_SELECTOR = YES;
				GCC_WARN_UNINITIALIZED_AUTOS = YES_AGGRESSIVE;
				GCC_WARN_UNUSED_FUNCTION = YES;
				GCC_WARN_UNUSED_VARIABLE = YES;
				IPHONEOS_DEPLOYMENT_TARGET = 15.5;
				MTL_ENABLE_DEBUG_INFO = NO;
				MTL_FAST_MATH = YES;
				SDKROOT = iphoneos;
				SWIFT_COMPILATION_MODE = wholemodule;
				SWIFT_OPTIMIZATION_LEVEL = "-O";
				VALIDATE_PRODUCT = YES;
			};
			name = Release;
		};
		84C68FB32857990800374D09 /* Debug */ = {
			isa = XCBuildConfiguration;
			buildSettings = {
				ASSETCATALOG_COMPILER_APPICON_NAME = AppIcon;
				ASSETCATALOG_COMPILER_GLOBAL_ACCENT_COLOR_NAME = AccentColor;
				CODE_SIGN_STYLE = Automatic;
				CURRENT_PROJECT_VERSION = 1;
				DEVELOPMENT_TEAM = 9Y94J8V38R;
				GENERATE_INFOPLIST_FILE = YES;
				INFOPLIST_FILE = walletTest/Info.plist;
				INFOPLIST_KEY_UIApplicationSupportsIndirectInputEvents = YES;
				INFOPLIST_KEY_UILaunchStoryboardName = LaunchScreen;
				INFOPLIST_KEY_UIMainStoryboardFile = Main;
				INFOPLIST_KEY_UIStatusBarHidden = NO;
				INFOPLIST_KEY_UISupportedInterfaceOrientations = UIInterfaceOrientationPortrait;
				INFOPLIST_KEY_UISupportedInterfaceOrientations_iPad = "UIInterfaceOrientationPortrait UIInterfaceOrientationPortraitUpsideDown UIInterfaceOrientationLandscapeLeft UIInterfaceOrientationLandscapeRight";
				INFOPLIST_KEY_UISupportedInterfaceOrientations_iPhone = "UIInterfaceOrientationPortrait UIInterfaceOrientationLandscapeLeft UIInterfaceOrientationLandscapeRight";
				LD_RUNPATH_SEARCH_PATHS = (
					"$(inherited)",
					"@executable_path/Frameworks",
				);
				MARKETING_VERSION = 1.0;
				PRODUCT_BUNDLE_IDENTIFIER = com.AlelsandrVorobey.walletTest;
				PRODUCT_NAME = "$(TARGET_NAME)";
				SWIFT_EMIT_LOC_STRINGS = YES;
				SWIFT_VERSION = 5.0;
				TARGETED_DEVICE_FAMILY = 1;
			};
			name = Debug;
		};
		84C68FB42857990800374D09 /* Release */ = {
			isa = XCBuildConfiguration;
			buildSettings = {
				ASSETCATALOG_COMPILER_APPICON_NAME = AppIcon;
				ASSETCATALOG_COMPILER_GLOBAL_ACCENT_COLOR_NAME = AccentColor;
				CODE_SIGN_STYLE = Automatic;
				CURRENT_PROJECT_VERSION = 1;
				DEVELOPMENT_TEAM = 9Y94J8V38R;
				GENERATE_INFOPLIST_FILE = YES;
				INFOPLIST_FILE = walletTest/Info.plist;
				INFOPLIST_KEY_UIApplicationSupportsIndirectInputEvents = YES;
				INFOPLIST_KEY_UILaunchStoryboardName = LaunchScreen;
				INFOPLIST_KEY_UIMainStoryboardFile = Main;
				INFOPLIST_KEY_UIStatusBarHidden = NO;
				INFOPLIST_KEY_UISupportedInterfaceOrientations = UIInterfaceOrientationPortrait;
				INFOPLIST_KEY_UISupportedInterfaceOrientations_iPad = "UIInterfaceOrientationPortrait UIInterfaceOrientationPortraitUpsideDown UIInterfaceOrientationLandscapeLeft UIInterfaceOrientationLandscapeRight";
				INFOPLIST_KEY_UISupportedInterfaceOrientations_iPhone = "UIInterfaceOrientationPortrait UIInterfaceOrientationLandscapeLeft UIInterfaceOrientationLandscapeRight";
				LD_RUNPATH_SEARCH_PATHS = (
					"$(inherited)",
					"@executable_path/Frameworks",
				);
				MARKETING_VERSION = 1.0;
				PRODUCT_BUNDLE_IDENTIFIER = com.AlelsandrVorobey.walletTest;
				PRODUCT_NAME = "$(TARGET_NAME)";
				SWIFT_EMIT_LOC_STRINGS = YES;
				SWIFT_VERSION = 5.0;
				TARGETED_DEVICE_FAMILY = 1;
			};
			name = Release;
		};
/* End XCBuildConfiguration section */

/* Begin XCConfigurationList section */
		84C68F992857990400374D09 /* Build configuration list for PBXProject "walletTest" */ = {
			isa = XCConfigurationList;
			buildConfigurations = (
				84C68FB02857990800374D09 /* Debug */,
				84C68FB12857990800374D09 /* Release */,
			);
			defaultConfigurationIsVisible = 0;
			defaultConfigurationName = Release;
		};
		84C68FB22857990800374D09 /* Build configuration list for PBXNativeTarget "walletTest" */ = {
			isa = XCConfigurationList;
			buildConfigurations = (
				84C68FB32857990800374D09 /* Debug */,
				84C68FB42857990800374D09 /* Release */,
			);
			defaultConfigurationIsVisible = 0;
			defaultConfigurationName = Release;
		};
/* End XCConfigurationList section */
	};
	rootObject = 84C68F962857990400374D09 /* Project object */;
}
